// !$*UTF8*$!
{
	archiveVersion = 1;
	classes = {
	};
	objectVersion = 77;
	objects = {

/* Begin PBXBuildFile section */
		490C44572EBA031600B75024 /* WidgetKit.framework in Frameworks */ = {isa = PBXBuildFile; fileRef = 490C44562EBA031600B75024 /* WidgetKit.framework */; };
		490C44592EBA031700B75024 /* SwiftUI.framework in Frameworks */ = {isa = PBXBuildFile; fileRef = 490C44582EBA031700B75024 /* SwiftUI.framework */; };
		490C44682EBA031900B75024 /* TimeWidgetExtension.appex in Embed Foundation Extensions */ = {isa = PBXBuildFile; fileRef = 490C44542EBA031600B75024 /* TimeWidgetExtension.appex */; settings = {ATTRIBUTES = (RemoveHeadersOnCopy, ); }; };
/* End PBXBuildFile section */

/* Begin PBXContainerItemProxy section */
		490C44342EBA02EE00B75024 /* PBXContainerItemProxy */ = {
			isa = PBXContainerItemProxy;
			containerPortal = 490C441E2EBA02EB00B75024 /* Project object */;
			proxyType = 1;
			remoteGlobalIDString = 490C44252EBA02EB00B75024;
			remoteInfo = BinaryTimeWidget;
		};
		490C443E2EBA02EE00B75024 /* PBXContainerItemProxy */ = {
			isa = PBXContainerItemProxy;
			containerPortal = 490C441E2EBA02EB00B75024 /* Project object */;
			proxyType = 1;
			remoteGlobalIDString = 490C44252EBA02EB00B75024;
			remoteInfo = BinaryTimeWidget;
		};
		490C44662EBA031900B75024 /* PBXContainerItemProxy */ = {
			isa = PBXContainerItemProxy;
			containerPortal = 490C441E2EBA02EB00B75024 /* Project object */;
			proxyType = 1;
			remoteGlobalIDString = 490C44532EBA031600B75024;
			remoteInfo = TimeWidgetExtension;
		};
/* End PBXContainerItemProxy section */

/* Begin PBXCopyFilesBuildPhase section */
		490C446D2EBA031900B75024 /* Embed Foundation Extensions */ = {
			isa = PBXCopyFilesBuildPhase;
			buildActionMask = 2147483647;
			dstPath = "";
			dstSubfolderSpec = 13;
			files = (
				490C44682EBA031900B75024 /* TimeWidgetExtension.appex in Embed Foundation Extensions */,
			);
			name = "Embed Foundation Extensions";
			runOnlyForDeploymentPostprocessing = 0;
		};
/* End PBXCopyFilesBuildPhase section */

/* Begin PBXFileReference section */
		490C44262EBA02EB00B75024 /* BinaryTimeWidget.app */ = {isa = PBXFileReference; explicitFileType = wrapper.application; includeInIndex = 0; path = BinaryTimeWidget.app; sourceTree = BUILT_PRODUCTS_DIR; };
		490C44332EBA02EE00B75024 /* BinaryTimeWidgetTests.xctest */ = {isa = PBXFileReference; explicitFileType = wrapper.cfbundle; includeInIndex = 0; path = BinaryTimeWidgetTests.xctest; sourceTree = BUILT_PRODUCTS_DIR; };
		490C443D2EBA02EE00B75024 /* BinaryTimeWidgetUITests.xctest */ = {isa = PBXFileReference; explicitFileType = wrapper.cfbundle; includeInIndex = 0; path = BinaryTimeWidgetUITests.xctest; sourceTree = BUILT_PRODUCTS_DIR; };
		490C44542EBA031600B75024 /* TimeWidgetExtension.appex */ = {isa = PBXFileReference; explicitFileType = "wrapper.app-extension"; includeInIndex = 0; path = TimeWidgetExtension.appex; sourceTree = BUILT_PRODUCTS_DIR; };
		490C44562EBA031600B75024 /* WidgetKit.framework */ = {isa = PBXFileReference; lastKnownFileType = wrapper.framework; name = WidgetKit.framework; path = System/Library/Frameworks/WidgetKit.framework; sourceTree = SDKROOT; };
		490C44582EBA031700B75024 /* SwiftUI.framework */ = {isa = PBXFileReference; lastKnownFileType = wrapper.framework; name = SwiftUI.framework; path = System/Library/Frameworks/SwiftUI.framework; sourceTree = SDKROOT; };
		490C447D2EBA15DD00B75024 /* TimeWidgetExtension.entitlements */ = {isa = PBXFileReference; lastKnownFileType = text.plist.entitlements; path = TimeWidgetExtension.entitlements; sourceTree = "<group>"; };
/* End PBXFileReference section */

/* Begin PBXFileSystemSynchronizedBuildFileExceptionSet section */
		490C44692EBA031900B75024 /* Exceptions for "TimeWidget" folder in "TimeWidgetExtension" target */ = {
			isa = PBXFileSystemSynchronizedBuildFileExceptionSet;
			membershipExceptions = (
				Info.plist,
			);
			target = 490C44532EBA031600B75024 /* TimeWidgetExtension */;
		};
		490C447B2EBA145200B75024 /* Exceptions for "TimeWidget" folder in "BinaryTimeWidget" target */ = {
			isa = PBXFileSystemSynchronizedBuildFileExceptionSet;
			membershipExceptions = (
				BinaryDotsView.swift,
				BinaryLineShape.swift,
				BinaryMarkerShape.swift,
				BinaryTimeWidgetStyle.swift,
				TimeConverter.swift,
			);
			target = 490C44252EBA02EB00B75024 /* BinaryTimeWidget */;
		};
		490C44812EBA163B00B75024 /* Exceptions for "BinaryTimeWidget" folder in "TimeWidgetExtension" target */ = {
			isa = PBXFileSystemSynchronizedBuildFileExceptionSet;
			membershipExceptions = (
				StyleManager.swift,
			);
			target = 490C44532EBA031600B75024 /* TimeWidgetExtension */;
		};
/* End PBXFileSystemSynchronizedBuildFileExceptionSet section */

/* Begin PBXFileSystemSynchronizedRootGroup section */
		490C44282EBA02EB00B75024 /* BinaryTimeWidget */ = {
			isa = PBXFileSystemSynchronizedRootGroup;
			exceptions = (
				490C44812EBA163B00B75024 /* Exceptions for "BinaryTimeWidget" folder in "TimeWidgetExtension" target */,
			);
			path = BinaryTimeWidget;
			sourceTree = "<group>";
		};
		490C44362EBA02EE00B75024 /* BinaryTimeWidgetTests */ = {
			isa = PBXFileSystemSynchronizedRootGroup;
			path = BinaryTimeWidgetTests;
			sourceTree = "<group>";
		};
		490C44402EBA02EE00B75024 /* BinaryTimeWidgetUITests */ = {
			isa = PBXFileSystemSynchronizedRootGroup;
			path = BinaryTimeWidgetUITests;
			sourceTree = "<group>";
		};
		490C445A2EBA031700B75024 /* TimeWidget */ = {
			isa = PBXFileSystemSynchronizedRootGroup;
			exceptions = (
				490C447B2EBA145200B75024 /* Exceptions for "TimeWidget" folder in "BinaryTimeWidget" target */,
				490C44692EBA031900B75024 /* Exceptions for "TimeWidget" folder in "TimeWidgetExtension" target */,
			);
			path = TimeWidget;
			sourceTree = "<group>";
		};
/* End PBXFileSystemSynchronizedRootGroup section */

/* Begin PBXFrameworksBuildPhase section */
		490C44232EBA02EB00B75024 /* Frameworks */ = {
			isa = PBXFrameworksBuildPhase;
			buildActionMask = 2147483647;
			files = (
			);
			runOnlyForDeploymentPostprocessing = 0;
		};
		490C44302EBA02EE00B75024 /* Frameworks */ = {
			isa = PBXFrameworksBuildPhase;
			buildActionMask = 2147483647;
			files = (
			);
			runOnlyForDeploymentPostprocessing = 0;
		};
		490C443A2EBA02EE00B75024 /* Frameworks */ = {
			isa = PBXFrameworksBuildPhase;
			buildActionMask = 2147483647;
			files = (
			);
			runOnlyForDeploymentPostprocessing = 0;
		};
		490C44512EBA031600B75024 /* Frameworks */ = {
			isa = PBXFrameworksBuildPhase;
			buildActionMask = 2147483647;
			files = (
				490C44592EBA031700B75024 /* SwiftUI.framework in Frameworks */,
				490C44572EBA031600B75024 /* WidgetKit.framework in Frameworks */,
			);
			runOnlyForDeploymentPostprocessing = 0;
		};
/* End PBXFrameworksBuildPhase section */

/* Begin PBXGroup section */
		490C441D2EBA02EB00B75024 = {
			isa = PBXGroup;
			children = (
				490C447D2EBA15DD00B75024 /* TimeWidgetExtension.entitlements */,
				490C44282EBA02EB00B75024 /* BinaryTimeWidget */,
				490C44362EBA02EE00B75024 /* BinaryTimeWidgetTests */,
				490C44402EBA02EE00B75024 /* BinaryTimeWidgetUITests */,
				490C445A2EBA031700B75024 /* TimeWidget */,
				490C44552EBA031600B75024 /* Frameworks */,
				490C44272EBA02EB00B75024 /* Products */,
			);
			sourceTree = "<group>";
		};
		490C44272EBA02EB00B75024 /* Products */ = {
			isa = PBXGroup;
			children = (
				490C44262EBA02EB00B75024 /* BinaryTimeWidget.app */,
				490C44332EBA02EE00B75024 /* BinaryTimeWidgetTests.xctest */,
				490C443D2EBA02EE00B75024 /* BinaryTimeWidgetUITests.xctest */,
				490C44542EBA031600B75024 /* TimeWidgetExtension.appex */,
			);
			name = Products;
			sourceTree = "<group>";
		};
		490C44552EBA031600B75024 /* Frameworks */ = {
			isa = PBXGroup;
			children = (
				490C44562EBA031600B75024 /* WidgetKit.framework */,
				490C44582EBA031700B75024 /* SwiftUI.framework */,
			);
			name = Frameworks;
			sourceTree = "<group>";
		};
/* End PBXGroup section */

/* Begin PBXNativeTarget section */
		490C44252EBA02EB00B75024 /* BinaryTimeWidget */ = {
			isa = PBXNativeTarget;
			buildConfigurationList = 490C44472EBA02EE00B75024 /* Build configuration list for PBXNativeTarget "BinaryTimeWidget" */;
			buildPhases = (
				490C44222EBA02EB00B75024 /* Sources */,
				490C44232EBA02EB00B75024 /* Frameworks */,
				490C44242EBA02EB00B75024 /* Resources */,
				490C446D2EBA031900B75024 /* Embed Foundation Extensions */,
			);
			buildRules = (
			);
			dependencies = (
				490C44672EBA031900B75024 /* PBXTargetDependency */,
			);
			fileSystemSynchronizedGroups = (
				490C44282EBA02EB00B75024 /* BinaryTimeWidget */,
			);
			name = BinaryTimeWidget;
			packageProductDependencies = (
			);
			productName = BinaryTimeWidget;
			productReference = 490C44262EBA02EB00B75024 /* BinaryTimeWidget.app */;
			productType = "com.apple.product-type.application";
		};
		490C44322EBA02EE00B75024 /* BinaryTimeWidgetTests */ = {
			isa = PBXNativeTarget;
			buildConfigurationList = 490C444A2EBA02EE00B75024 /* Build configuration list for PBXNativeTarget "BinaryTimeWidgetTests" */;
			buildPhases = (
				490C442F2EBA02EE00B75024 /* Sources */,
				490C44302EBA02EE00B75024 /* Frameworks */,
				490C44312EBA02EE00B75024 /* Resources */,
			);
			buildRules = (
			);
			dependencies = (
				490C44352EBA02EE00B75024 /* PBXTargetDependency */,
			);
			fileSystemSynchronizedGroups = (
				490C44362EBA02EE00B75024 /* BinaryTimeWidgetTests */,
			);
			name = BinaryTimeWidgetTests;
			packageProductDependencies = (
			);
			productName = BinaryTimeWidgetTests;
			productReference = 490C44332EBA02EE00B75024 /* BinaryTimeWidgetTests.xctest */;
			productType = "com.apple.product-type.bundle.unit-test";
		};
		490C443C2EBA02EE00B75024 /* BinaryTimeWidgetUITests */ = {
			isa = PBXNativeTarget;
			buildConfigurationList = 490C444D2EBA02EE00B75024 /* Build configuration list for PBXNativeTarget "BinaryTimeWidgetUITests" */;
			buildPhases = (
				490C44392EBA02EE00B75024 /* Sources */,
				490C443A2EBA02EE00B75024 /* Frameworks */,
				490C443B2EBA02EE00B75024 /* Resources */,
			);
			buildRules = (
			);
			dependencies = (
				490C443F2EBA02EE00B75024 /* PBXTargetDependency */,
			);
			fileSystemSynchronizedGroups = (
				490C44402EBA02EE00B75024 /* BinaryTimeWidgetUITests */,
			);
			name = BinaryTimeWidgetUITests;
			packageProductDependencies = (
			);
			productName = BinaryTimeWidgetUITests;
			productReference = 490C443D2EBA02EE00B75024 /* BinaryTimeWidgetUITests.xctest */;
			productType = "com.apple.product-type.bundle.ui-testing";
		};
		490C44532EBA031600B75024 /* TimeWidgetExtension */ = {
			isa = PBXNativeTarget;
			buildConfigurationList = 490C446A2EBA031900B75024 /* Build configuration list for PBXNativeTarget "TimeWidgetExtension" */;
			buildPhases = (
				490C44502EBA031600B75024 /* Sources */,
				490C44512EBA031600B75024 /* Frameworks */,
				490C44522EBA031600B75024 /* Resources */,
			);
			buildRules = (
			);
			dependencies = (
			);
			fileSystemSynchronizedGroups = (
				490C445A2EBA031700B75024 /* TimeWidget */,
			);
			name = TimeWidgetExtension;
			packageProductDependencies = (
			);
			productName = TimeWidgetExtension;
			productReference = 490C44542EBA031600B75024 /* TimeWidgetExtension.appex */;
			productType = "com.apple.product-type.app-extension";
		};
/* End PBXNativeTarget section */

/* Begin PBXProject section */
		490C441E2EBA02EB00B75024 /* Project object */ = {
			isa = PBXProject;
			attributes = {
				BuildIndependentTargetsInParallel = 1;
				LastSwiftUpdateCheck = 2600;
				LastUpgradeCheck = 2600;
				TargetAttributes = {
					490C44252EBA02EB00B75024 = {
						CreatedOnToolsVersion = 26.0.1;
					};
					490C44322EBA02EE00B75024 = {
						CreatedOnToolsVersion = 26.0.1;
						TestTargetID = 490C44252EBA02EB00B75024;
					};
					490C443C2EBA02EE00B75024 = {
						CreatedOnToolsVersion = 26.0.1;
						TestTargetID = 490C44252EBA02EB00B75024;
					};
					490C44532EBA031600B75024 = {
						CreatedOnToolsVersion = 26.0.1;
					};
				};
			};
			buildConfigurationList = 490C44212EBA02EB00B75024 /* Build configuration list for PBXProject "BinaryTimeWidget" */;
			developmentRegion = en;
			hasScannedForEncodings = 0;
			knownRegions = (
				en,
				Base,
			);
			mainGroup = 490C441D2EBA02EB00B75024;
			minimizedProjectReferenceProxies = 1;
			preferredProjectObjectVersion = 77;
			productRefGroup = 490C44272EBA02EB00B75024 /* Products */;
			projectDirPath = "";
			projectRoot = "";
			targets = (
				490C44252EBA02EB00B75024 /* BinaryTimeWidget */,
				490C44322EBA02EE00B75024 /* BinaryTimeWidgetTests */,
				490C443C2EBA02EE00B75024 /* BinaryTimeWidgetUITests */,
				490C44532EBA031600B75024 /* TimeWidgetExtension */,
			);
		};
/* End PBXProject section */

/* Begin PBXResourcesBuildPhase section */
		490C44242EBA02EB00B75024 /* Resources */ = {
			isa = PBXResourcesBuildPhase;
			buildActionMask = 2147483647;
			files = (
			);
			runOnlyForDeploymentPostprocessing = 0;
		};
		490C44312EBA02EE00B75024 /* Resources */ = {
			isa = PBXResourcesBuildPhase;
			buildActionMask = 2147483647;
			files = (
			);
			runOnlyForDeploymentPostprocessing = 0;
		};
		490C443B2EBA02EE00B75024 /* Resources */ = {
			isa = PBXResourcesBuildPhase;
			buildActionMask = 2147483647;
			files = (
			);
			runOnlyForDeploymentPostprocessing = 0;
		};
		490C44522EBA031600B75024 /* Resources */ = {
			isa = PBXResourcesBuildPhase;
			buildActionMask = 2147483647;
			files = (
			);
			runOnlyForDeploymentPostprocessing = 0;
		};
/* End PBXResourcesBuildPhase section */

/* Begin PBXSourcesBuildPhase section */
		490C44222EBA02EB00B75024 /* Sources */ = {
			isa = PBXSourcesBuildPhase;
			buildActionMask = 2147483647;
			files = (
			);
			runOnlyForDeploymentPostprocessing = 0;
		};
		490C442F2EBA02EE00B75024 /* Sources */ = {
			isa = PBXSourcesBuildPhase;
			buildActionMask = 2147483647;
			files = (
			);
			runOnlyForDeploymentPostprocessing = 0;
		};
		490C44392EBA02EE00B75024 /* Sources */ = {
			isa = PBXSourcesBuildPhase;
			buildActionMask = 2147483647;
			files = (
			);
			runOnlyForDeploymentPostprocessing = 0;
		};
		490C44502EBA031600B75024 /* Sources */ = {
			isa = PBXSourcesBuildPhase;
			buildActionMask = 2147483647;
			files = (
			);
			runOnlyForDeploymentPostprocessing = 0;
		};
/* End PBXSourcesBuildPhase section */

/* Begin PBXTargetDependency section */
		490C44352EBA02EE00B75024 /* PBXTargetDependency */ = {
			isa = PBXTargetDependency;
			target = 490C44252EBA02EB00B75024 /* BinaryTimeWidget */;
			targetProxy = 490C44342EBA02EE00B75024 /* PBXContainerItemProxy */;
		};
		490C443F2EBA02EE00B75024 /* PBXTargetDependency */ = {
			isa = PBXTargetDependency;
			target = 490C44252EBA02EB00B75024 /* BinaryTimeWidget */;
			targetProxy = 490C443E2EBA02EE00B75024 /* PBXContainerItemProxy */;
		};
		490C44672EBA031900B75024 /* PBXTargetDependency */ = {
			isa = PBXTargetDependency;
			target = 490C44532EBA031600B75024 /* TimeWidgetExtension */;
			targetProxy = 490C44662EBA031900B75024 /* PBXContainerItemProxy */;
		};
/* End PBXTargetDependency section */

/* Begin XCBuildConfiguration section */
		490C44452EBA02EE00B75024 /* Debug */ = {
			isa = XCBuildConfiguration;
			buildSettings = {
				ALWAYS_SEARCH_USER_PATHS = NO;
				ASSETCATALOG_COMPILER_GENERATE_SWIFT_ASSET_SYMBOL_EXTENSIONS = YES;
				CLANG_ANALYZER_NONNULL = YES;
				CLANG_ANALYZER_NUMBER_OBJECT_CONVERSION = YES_AGGRESSIVE;
				CLANG_CXX_LANGUAGE_STANDARD = "gnu++20";
				CLANG_ENABLE_MODULES = YES;
				CLANG_ENABLE_OBJC_ARC = YES;
				CLANG_ENABLE_OBJC_WEAK = YES;
				CLANG_WARN_BLOCK_CAPTURE_AUTORELEASING = YES;
				CLANG_WARN_BOOL_CONVERSION = YES;
				CLANG_WARN_COMMA = YES;
				CLANG_WARN_CONSTANT_CONVERSION = YES;
				CLANG_WARN_DEPRECATED_OBJC_IMPLEMENTATIONS = YES;
				CLANG_WARN_DIRECT_OBJC_ISA_USAGE = YES_ERROR;
				CLANG_WARN_DOCUMENTATION_COMMENTS = YES;
				CLANG_WARN_EMPTY_BODY = YES;
				CLANG_WARN_ENUM_CONVERSION = YES;
				CLANG_WARN_INFINITE_RECURSION = YES;
				CLANG_WARN_INT_CONVERSION = YES;
				CLANG_WARN_NON_LITERAL_NULL_CONVERSION = YES;
				CLANG_WARN_OBJC_IMPLICIT_RETAIN_SELF = YES;
				CLANG_WARN_OBJC_LITERAL_CONVERSION = YES;
				CLANG_WARN_OBJC_ROOT_CLASS = YES_ERROR;
				CLANG_WARN_QUOTED_INCLUDE_IN_FRAMEWORK_HEADER = YES;
				CLANG_WARN_RANGE_LOOP_ANALYSIS = YES;
				CLANG_WARN_STRICT_PROTOTYPES = YES;
				CLANG_WARN_SUSPICIOUS_MOVE = YES;
				CLANG_WARN_UNGUARDED_AVAILABILITY = YES_AGGRESSIVE;
				CLANG_WARN_UNREACHABLE_CODE = YES;
				CLANG_WARN__DUPLICATE_METHOD_MATCH = YES;
				COPY_PHASE_STRIP = NO;
				DEBUG_INFORMATION_FORMAT = dwarf;
				DEVELOPMENT_TEAM = LS3DY25KKN;
				ENABLE_STRICT_OBJC_MSGSEND = YES;
				ENABLE_TESTABILITY = YES;
				ENABLE_USER_SCRIPT_SANDBOXING = YES;
				GCC_C_LANGUAGE_STANDARD = gnu17;
				GCC_DYNAMIC_NO_PIC = NO;
				GCC_NO_COMMON_BLOCKS = YES;
				GCC_OPTIMIZATION_LEVEL = 0;
				GCC_PREPROCESSOR_DEFINITIONS = (
					"DEBUG=1",
					"$(inherited)",
				);
				GCC_WARN_64_TO_32_BIT_CONVERSION = YES;
				GCC_WARN_ABOUT_RETURN_TYPE = YES_ERROR;
				GCC_WARN_UNDECLARED_SELECTOR = YES;
				GCC_WARN_UNINITIALIZED_AUTOS = YES_AGGRESSIVE;
				GCC_WARN_UNUSED_FUNCTION = YES;
				GCC_WARN_UNUSED_VARIABLE = YES;
				IPHONEOS_DEPLOYMENT_TARGET = 26.0;
				LOCALIZATION_PREFERS_STRING_CATALOGS = YES;
				MTL_ENABLE_DEBUG_INFO = INCLUDE_SOURCE;
				MTL_FAST_MATH = YES;
				ONLY_ACTIVE_ARCH = YES;
				SDKROOT = iphoneos;
				SWIFT_ACTIVE_COMPILATION_CONDITIONS = "DEBUG $(inherited)";
				SWIFT_OPTIMIZATION_LEVEL = "-Onone";
			};
			name = Debug;
		};
		490C44462EBA02EE00B75024 /* Release */ = {
			isa = XCBuildConfiguration;
			buildSettings = {
				ALWAYS_SEARCH_USER_PATHS = NO;
				ASSETCATALOG_COMPILER_GENERATE_SWIFT_ASSET_SYMBOL_EXTENSIONS = YES;
				CLANG_ANALYZER_NONNULL = YES;
				CLANG_ANALYZER_NUMBER_OBJECT_CONVERSION = YES_AGGRESSIVE;
				CLANG_CXX_LANGUAGE_STANDARD = "gnu++20";
				CLANG_ENABLE_MODULES = YES;
				CLANG_ENABLE_OBJC_ARC = YES;
				CLANG_ENABLE_OBJC_WEAK = YES;
				CLANG_WARN_BLOCK_CAPTURE_AUTORELEASING = YES;
				CLANG_WARN_BOOL_CONVERSION = YES;
				CLANG_WARN_COMMA = YES;
				CLANG_WARN_CONSTANT_CONVERSION = YES;
				CLANG_WARN_DEPRECATED_OBJC_IMPLEMENTATIONS = YES;
				CLANG_WARN_DIRECT_OBJC_ISA_USAGE = YES_ERROR;
				CLANG_WARN_DOCUMENTATION_COMMENTS = YES;
				CLANG_WARN_EMPTY_BODY = YES;
				CLANG_WARN_ENUM_CONVERSION = YES;
				CLANG_WARN_INFINITE_RECURSION = YES;
				CLANG_WARN_INT_CONVERSION = YES;
				CLANG_WARN_NON_LITERAL_NULL_CONVERSION = YES;
				CLANG_WARN_OBJC_IMPLICIT_RETAIN_SELF = YES;
				CLANG_WARN_OBJC_LITERAL_CONVERSION = YES;
				CLANG_WARN_OBJC_ROOT_CLASS = YES_ERROR;
				CLANG_WARN_QUOTED_INCLUDE_IN_FRAMEWORK_HEADER = YES;
				CLANG_WARN_RANGE_LOOP_ANALYSIS = YES;
				CLANG_WARN_STRICT_PROTOTYPES = YES;
				CLANG_WARN_SUSPICIOUS_MOVE = YES;
				CLANG_WARN_UNGUARDED_AVAILABILITY = YES_AGGRESSIVE;
				CLANG_WARN_UNREACHABLE_CODE = YES;
				CLANG_WARN__DUPLICATE_METHOD_MATCH = YES;
				COPY_PHASE_STRIP = NO;
				DEBUG_INFORMATION_FORMAT = "dwarf-with-dsym";
				DEVELOPMENT_TEAM = LS3DY25KKN;
				ENABLE_NS_ASSERTIONS = NO;
				ENABLE_STRICT_OBJC_MSGSEND = YES;
				ENABLE_USER_SCRIPT_SANDBOXING = YES;
				GCC_C_LANGUAGE_STANDARD = gnu17;
				GCC_NO_COMMON_BLOCKS = YES;
				GCC_WARN_64_TO_32_BIT_CONVERSION = YES;
				GCC_WARN_ABOUT_RETURN_TYPE = YES_ERROR;
				GCC_WARN_UNDECLARED_SELECTOR = YES;
				GCC_WARN_UNINITIALIZED_AUTOS = YES_AGGRESSIVE;
				GCC_WARN_UNUSED_FUNCTION = YES;
				GCC_WARN_UNUSED_VARIABLE = YES;
				IPHONEOS_DEPLOYMENT_TARGET = 26.0;
				LOCALIZATION_PREFERS_STRING_CATALOGS = YES;
				MTL_ENABLE_DEBUG_INFO = NO;
				MTL_FAST_MATH = YES;
				SDKROOT = iphoneos;
				SWIFT_COMPILATION_MODE = wholemodule;
				VALIDATE_PRODUCT = YES;
			};
			name = Release;
		};
		490C44482EBA02EE00B75024 /* Debug */ = {
			isa = XCBuildConfiguration;
			buildSettings = {
				ASSETCATALOG_COMPILER_APPICON_NAME = AppIcon;
				ASSETCATALOG_COMPILER_GLOBAL_ACCENT_COLOR_NAME = AccentColor;
				CODE_SIGN_ENTITLEMENTS = BinaryTimeWidget/BinaryTimeWidget.entitlements;
				CODE_SIGN_STYLE = Automatic;
				CURRENT_PROJECT_VERSION = 1;
				DEVELOPMENT_TEAM = LS3DY25KKN;
				ENABLE_PREVIEWS = YES;
				GENERATE_INFOPLIST_FILE = YES;
				INFOPLIST_KEY_UIApplicationSceneManifest_Generation = YES;
				INFOPLIST_KEY_UIApplicationSupportsIndirectInputEvents = YES;
				INFOPLIST_KEY_UILaunchScreen_Generation = YES;
				INFOPLIST_KEY_UISupportedInterfaceOrientations_iPad = "UIInterfaceOrientationPortrait UIInterfaceOrientationPortraitUpsideDown UIInterfaceOrientationLandscapeLeft UIInterfaceOrientationLandscapeRight";
				INFOPLIST_KEY_UISupportedInterfaceOrientations_iPhone = "UIInterfaceOrientationPortrait UIInterfaceOrientationLandscapeLeft UIInterfaceOrientationLandscapeRight";
				IPHONEOS_DEPLOYMENT_TARGET = 18.6;
				LD_RUNPATH_SEARCH_PATHS = (
					"$(inherited)",
					"@executable_path/Frameworks",
				);
				MARKETING_VERSION = 1.0;
				PRODUCT_BUNDLE_IDENTIFIER = Me.BinaryTimeWidget;
				PRODUCT_NAME = "$(TARGET_NAME)";
				STRING_CATALOG_GENERATE_SYMBOLS = YES;
				SWIFT_APPROACHABLE_CONCURRENCY = YES;
				SWIFT_DEFAULT_ACTOR_ISOLATION = MainActor;
				SWIFT_EMIT_LOC_STRINGS = YES;
				SWIFT_UPCOMING_FEATURE_MEMBER_IMPORT_VISIBILITY = YES;
				SWIFT_VERSION = 5.0;
				TARGETED_DEVICE_FAMILY = "1,2";
			};
			name = Debug;
		};
		490C44492EBA02EE00B75024 /* Release */ = {
			isa = XCBuildConfiguration;
			buildSettings = {
				ASSETCATALOG_COMPILER_APPICON_NAME = AppIcon;
				ASSETCATALOG_COMPILER_GLOBAL_ACCENT_COLOR_NAME = AccentColor;
				CODE_SIGN_ENTITLEMENTS = BinaryTimeWidget/BinaryTimeWidget.entitlements;
				CODE_SIGN_STYLE = Automatic;
				CURRENT_PROJECT_VERSION = 1;
				DEVELOPMENT_TEAM = LS3DY25KKN;
				ENABLE_PREVIEWS = YES;
				GENERATE_INFOPLIST_FILE = YES;
				INFOPLIST_KEY_UIApplicationSceneManifest_Generation = YES;
				INFOPLIST_KEY_UIApplicationSupportsIndirectInputEvents = YES;
				INFOPLIST_KEY_UILaunchScreen_Generation = YES;
				INFOPLIST_KEY_UISupportedInterfaceOrientations_iPad = "UIInterfaceOrientationPortrait UIInterfaceOrientationPortraitUpsideDown UIInterfaceOrientationLandscapeLeft UIInterfaceOrientationLandscapeRight";
				INFOPLIST_KEY_UISupportedInterfaceOrientations_iPhone = "UIInterfaceOrientationPortrait UIInterfaceOrientationLandscapeLeft UIInterfaceOrientationLandscapeRight";
				IPHONEOS_DEPLOYMENT_TARGET = 18.6;
				LD_RUNPATH_SEARCH_PATHS = (
					"$(inherited)",
					"@executable_path/Frameworks",
				);
				MARKETING_VERSION = 1.0;
				PRODUCT_BUNDLE_IDENTIFIER = Me.BinaryTimeWidget;
				PRODUCT_NAME = "$(TARGET_NAME)";
				STRING_CATALOG_GENERATE_SYMBOLS = YES;
				SWIFT_APPROACHABLE_CONCURRENCY = YES;
				SWIFT_DEFAULT_ACTOR_ISOLATION = MainActor;
				SWIFT_EMIT_LOC_STRINGS = YES;
				SWIFT_UPCOMING_FEATURE_MEMBER_IMPORT_VISIBILITY = YES;
				SWIFT_VERSION = 5.0;
				TARGETED_DEVICE_FAMILY = "1,2";
			};
			name = Release;
		};
		490C444B2EBA02EE00B75024 /* Debug */ = {
			isa = XCBuildConfiguration;
			buildSettings = {
				BUNDLE_LOADER = "$(TEST_HOST)";
				CODE_SIGN_STYLE = Automatic;
				CURRENT_PROJECT_VERSION = 1;
				DEVELOPMENT_TEAM = LS3DY25KKN;
				GENERATE_INFOPLIST_FILE = YES;
				IPHONEOS_DEPLOYMENT_TARGET = 26.0;
				MARKETING_VERSION = 1.0;
				PRODUCT_BUNDLE_IDENTIFIER = Me.BinaryTimeWidgetTests;
				PRODUCT_NAME = "$(TARGET_NAME)";
				STRING_CATALOG_GENERATE_SYMBOLS = NO;
				SWIFT_APPROACHABLE_CONCURRENCY = YES;
				SWIFT_EMIT_LOC_STRINGS = NO;
				SWIFT_UPCOMING_FEATURE_MEMBER_IMPORT_VISIBILITY = YES;
				SWIFT_VERSION = 5.0;
				TARGETED_DEVICE_FAMILY = "1,2";
				TEST_HOST = "$(BUILT_PRODUCTS_DIR)/BinaryTimeWidget.app/$(BUNDLE_EXECUTABLE_FOLDER_PATH)/BinaryTimeWidget";
			};
			name = Debug;
		};
		490C444C2EBA02EE00B75024 /* Release */ = {
			isa = XCBuildConfiguration;
			buildSettings = {
				BUNDLE_LOADER = "$(TEST_HOST)";
				CODE_SIGN_STYLE = Automatic;
				CURRENT_PROJECT_VERSION = 1;
				DEVELOPMENT_TEAM = LS3DY25KKN;
				GENERATE_INFOPLIST_FILE = YES;
				IPHONEOS_DEPLOYMENT_TARGET = 26.0;
				MARKETING_VERSION = 1.0;
				PRODUCT_BUNDLE_IDENTIFIER = Me.BinaryTimeWidgetTests;
				PRODUCT_NAME = "$(TARGET_NAME)";
				STRING_CATALOG_GENERATE_SYMBOLS = NO;
				SWIFT_APPROACHABLE_CONCURRENCY = YES;
				SWIFT_EMIT_LOC_STRINGS = NO;
				SWIFT_UPCOMING_FEATURE_MEMBER_IMPORT_VISIBILITY = YES;
				SWIFT_VERSION = 5.0;
				TARGETED_DEVICE_FAMILY = "1,2";
				TEST_HOST = "$(BUILT_PRODUCTS_DIR)/BinaryTimeWidget.app/$(BUNDLE_EXECUTABLE_FOLDER_PATH)/BinaryTimeWidget";
			};
			name = Release;
		};
		490C444E2EBA02EE00B75024 /* Debug */ = {
			isa = XCBuildConfiguration;
			buildSettings = {
				CODE_SIGN_STYLE = Automatic;
				CURRENT_PROJECT_VERSION = 1;
				DEVELOPMENT_TEAM = LS3DY25KKN;
				GENERATE_INFOPLIST_FILE = YES;
				MARKETING_VERSION = 1.0;
				PRODUCT_BUNDLE_IDENTIFIER = Me.BinaryTimeWidgetUITests;
				PRODUCT_NAME = "$(TARGET_NAME)";
				STRING_CATALOG_GENERATE_SYMBOLS = NO;
				SWIFT_APPROACHABLE_CONCURRENCY = YES;
				SWIFT_EMIT_LOC_STRINGS = NO;
				SWIFT_UPCOMING_FEATURE_MEMBER_IMPORT_VISIBILITY = YES;
				SWIFT_VERSION = 5.0;
				TARGETED_DEVICE_FAMILY = "1,2";
				TEST_TARGET_NAME = BinaryTimeWidget;
			};
			name = Debug;
		};
		490C444F2EBA02EE00B75024 /* Release */ = {
			isa = XCBuildConfiguration;
			buildSettings = {
				CODE_SIGN_STYLE = Automatic;
				CURRENT_PROJECT_VERSION = 1;
				DEVELOPMENT_TEAM = LS3DY25KKN;
				GENERATE_INFOPLIST_FILE = YES;
				MARKETING_VERSION = 1.0;
				PRODUCT_BUNDLE_IDENTIFIER = Me.BinaryTimeWidgetUITests;
				PRODUCT_NAME = "$(TARGET_NAME)";
				STRING_CATALOG_GENERATE_SYMBOLS = NO;
				SWIFT_APPROACHABLE_CONCURRENCY = YES;
				SWIFT_EMIT_LOC_STRINGS = NO;
				SWIFT_UPCOMING_FEATURE_MEMBER_IMPORT_VISIBILITY = YES;
				SWIFT_VERSION = 5.0;
				TARGETED_DEVICE_FAMILY = "1,2";
				TEST_TARGET_NAME = BinaryTimeWidget;
			};
			name = Release;
		};
		490C446B2EBA031900B75024 /* Debug */ = {
			isa = XCBuildConfiguration;
			buildSettings = {
				ASSETCATALOG_COMPILER_GLOBAL_ACCENT_COLOR_NAME = AccentColor;
				ASSETCATALOG_COMPILER_WIDGET_BACKGROUND_COLOR_NAME = WidgetBackground;
				CODE_SIGN_ENTITLEMENTS = TimeWidgetExtension.entitlements;
				CODE_SIGN_STYLE = Automatic;
				CURRENT_PROJECT_VERSION = 1;
				DEVELOPMENT_TEAM = LS3DY25KKN;
				GENERATE_INFOPLIST_FILE = YES;
				INFOPLIST_FILE = TimeWidget/Info.plist;
				INFOPLIST_KEY_CFBundleDisplayName = TimeWidget;
				INFOPLIST_KEY_NSHumanReadableCopyright = "";
				IPHONEOS_DEPLOYMENT_TARGET = 18.6;
				LD_RUNPATH_SEARCH_PATHS = (
					"$(inherited)",
					"@executable_path/Frameworks",
					"@executable_path/../../Frameworks",
				);
				MARKETING_VERSION = 1.0;
				PRODUCT_BUNDLE_IDENTIFIER = Me.BinaryTimeWidget.TimeWidget;
				PRODUCT_NAME = "$(TARGET_NAME)";
				SKIP_INSTALL = YES;
				STRING_CATALOG_GENERATE_SYMBOLS = YES;
				SWIFT_APPROACHABLE_CONCURRENCY = YES;
				SWIFT_EMIT_LOC_STRINGS = YES;
				SWIFT_UPCOMING_FEATURE_MEMBER_IMPORT_VISIBILITY = YES;
				SWIFT_VERSION = 5.0;
				TARGETED_DEVICE_FAMILY = "1,2";
			};
			name = Debug;
		};
		490C446C2EBA031900B75024 /* Release */ = {
			isa = XCBuildConfiguration;
			buildSettings = {
				ASSETCATALOG_COMPILER_GLOBAL_ACCENT_COLOR_NAME = AccentColor;
				ASSETCATALOG_COMPILER_WIDGET_BACKGROUND_COLOR_NAME = WidgetBackground;
				CODE_SIGN_ENTITLEMENTS = TimeWidgetExtension.entitlements;
				CODE_SIGN_STYLE = Automatic;
				CURRENT_PROJECT_VERSION = 1;
				DEVELOPMENT_TEAM = LS3DY25KKN;
				GENERATE_INFOPLIST_FILE = YES;
				INFOPLIST_FILE = TimeWidget/Info.plist;
				INFOPLIST_KEY_CFBundleDisplayName = TimeWidget;
				INFOPLIST_KEY_NSHumanReadableCopyright = "";
				IPHONEOS_DEPLOYMENT_TARGET = 18.6;
				LD_RUNPATH_SEARCH_PATHS = (
					"$(inherited)",
					"@executable_path/Frameworks",
					"@executable_path/../../Frameworks",
				);
				MARKETING_VERSION = 1.0;
				PRODUCT_BUNDLE_IDENTIFIER = Me.BinaryTimeWidget.TimeWidget;
				PRODUCT_NAME = "$(TARGET_NAME)";
				SKIP_INSTALL = YES;
				STRING_CATALOG_GENERATE_SYMBOLS = YES;
				SWIFT_APPROACHABLE_CONCURRENCY = YES;
				SWIFT_EMIT_LOC_STRINGS = YES;
				SWIFT_UPCOMING_FEATURE_MEMBER_IMPORT_VISIBILITY = YES;
				SWIFT_VERSION = 5.0;
				TARGETED_DEVICE_FAMILY = "1,2";
			};
			name = Release;
		};
/* End XCBuildConfiguration section */

/* Begin XCConfigurationList section */
		490C44212EBA02EB00B75024 /* Build configuration list for PBXProject "BinaryTimeWidget" */ = {
			isa = XCConfigurationList;
			buildConfigurations = (
				490C44452EBA02EE00B75024 /* Debug */,
				490C44462EBA02EE00B75024 /* Release */,
			);
			defaultConfigurationIsVisible = 0;
			defaultConfigurationName = Release;
		};
		490C44472EBA02EE00B75024 /* Build configuration list for PBXNativeTarget "BinaryTimeWidget" */ = {
			isa = XCConfigurationList;
			buildConfigurations = (
				490C44482EBA02EE00B75024 /* Debug */,
				490C44492EBA02EE00B75024 /* Release */,
			);
			defaultConfigurationIsVisible = 0;
			defaultConfigurationName = Release;
		};
		490C444A2EBA02EE00B75024 /* Build configuration list for PBXNativeTarget "BinaryTimeWidgetTests" */ = {
			isa = XCConfigurationList;
			buildConfigurations = (
				490C444B2EBA02EE00B75024 /* Debug */,
				490C444C2EBA02EE00B75024 /* Release */,
			);
			defaultConfigurationIsVisible = 0;
			defaultConfigurationName = Release;
		};
		490C444D2EBA02EE00B75024 /* Build configuration list for PBXNativeTarget "BinaryTimeWidgetUITests" */ = {
			isa = XCConfigurationList;
			buildConfigurations = (
				490C444E2EBA02EE00B75024 /* Debug */,
				490C444F2EBA02EE00B75024 /* Release */,
			);
			defaultConfigurationIsVisible = 0;
			defaultConfigurationName = Release;
		};
		490C446A2EBA031900B75024 /* Build configuration list for PBXNativeTarget "TimeWidgetExtension" */ = {
			isa = XCConfigurationList;
			buildConfigurations = (
				490C446B2EBA031900B75024 /* Debug */,
				490C446C2EBA031900B75024 /* Release */,
			);
			defaultConfigurationIsVisible = 0;
			defaultConfigurationName = Release;
		};
/* End XCConfigurationList section */
	};
	rootObject = 490C441E2EBA02EB00B75024 /* Project object */;
}
